
Microsoft Visual Studio Solution File, Format Version 12.00
# Visual Studio Version 16
VisualStudioVersion = 16.0.32413.511
MinimumVisualStudioVersion = 10.0.40219.1
Project("{9A19103F-16F7-4668-BE54-9A1E7A4F7556}") = "GraphTraverse", "GraphTraverse.csproj", "{53753578-BCF4-4FCF-93DE-9E79DC77C42A}"
EndProject
Global
	GlobalSection(SolutionConfigurationPlatforms) = preSolution
		Debug|Any CPU = Debug|Any CPU
		Release|Any CPU = Release|Any CPU
	EndGlobalSection
	GlobalSection(ProjectConfigurationPlatforms) = postSolution
		{53753578-BCF4-4FCF-93DE-9E79DC77C42A}.Debug|Any CPU.ActiveCfg = Debug|Any CPU
		{53753578-BCF4-4FCF-93DE-9E79DC77C42A}.Debug|Any CPU.Build.0 = Debug|Any CPU
		{53753578-BCF4-4FCF-93DE-9E79DC77C42A}.Release|Any CPU.ActiveCfg = Release|Any CPU
		{53753578-BCF4-4FCF-93DE-9E79DC77C42A}.Release|Any CPU.Build.0 = Release|Any CPU
	EndGlobalSection
	GlobalSection(SolutionProperties) = preSolution
		HideSolutionNode = FALSE
	EndGlobalSection
	GlobalSection(ExtensibilityGlobals) = postSolution
		SolutionGuid = {09676AA6-260C-4542-A485-BF6B0E8CA8DC}
	EndGlobalSection
EndGlobal
